
Microsoft Visual Studio Solution File, Format Version 12.00
# Visual Studio Version 17
VisualStudioVersion = 17.3.32929.385
MinimumVisualStudioVersion = 10.0.40219.1
Project("{FAE04EC0-301F-11D3-BF4B-00C04F79EFBC}") = "ADO.NET_Lesson12", "ADO.NET_Lesson12\ADO.NET_Lesson12.csproj", "{04A8DAB3-9C1A-4C60-A8F6-E8DC9B7F6635}"
EndProject
Global
	GlobalSection(SolutionConfigurationPlatforms) = preSolution
		Debug|Any CPU = Debug|Any CPU
		Release|Any CPU = Release|Any CPU
	EndGlobalSection
	GlobalSection(ProjectConfigurationPlatforms) = postSolution
		{04A8DAB3-9C1A-4C60-A8F6-E8DC9B7F6635}.Debug|Any CPU.ActiveCfg = Debug|Any CPU
		{04A8DAB3-9C1A-4C60-A8F6-E8DC9B7F6635}.Debug|Any CPU.Build.0 = Debug|Any CPU
		{04A8DAB3-9C1A-4C60-A8F6-E8DC9B7F6635}.Release|Any CPU.ActiveCfg = Release|Any CPU
		{04A8DAB3-9C1A-4C60-A8F6-E8DC9B7F6635}.Release|Any CPU.Build.0 = Release|Any CPU
	EndGlobalSection
	GlobalSection(SolutionProperties) = preSolution
		HideSolutionNode = FALSE
	EndGlobalSection
	GlobalSection(ExtensibilityGlobals) = postSolution
		SolutionGuid = {65388E8B-819D-496B-983C-9BF9952AAE64}
	EndGlobalSection
EndGlobal
